version = 1
requires-python = ">=3.12"
resolution-markers = [
    "python_full_version < '3.13'",
    "python_full_version >= '3.13'",
]

[manifest]
members = [
    "baycompx",
    "bayinx",
]

[[package]]
name = "baycompx"
version = "0.1.0"
source = { editable = "packages/baycompx" }

[[package]]
name = "bayinx"
version = "0.1.0"
source = { editable = "." }
dependencies = [
    { name = "baycompx" },
    { name = "jax" },
    { name = "jaxtyping" },
]

[package.metadata]
requires-dist = [
    { name = "baycompx", editable = "packages/baycompx" },
    { name = "jax", specifier = ">=0.4.38" },
    { name = "jaxtyping", specifier = ">=0.2.36" },
]

[[package]]
name = "jax"
version = "0.4.38"
source = { registry = "https://pypi.org/simple" }
dependencies = [
    { name = "jaxlib" },
    { name = "ml-dtypes" },
    { name = "numpy" },
    { name = "opt-einsum" },
    { name = "scipy" },
]
sdist = { url = "https://files.pythonhosted.org/packages/fb/e5/c4aa9644bb96b7f6747bd7c9f8cda7665ca5e194fa2542b2dea3ff730701/jax-0.4.38.tar.gz", hash = "sha256:43bae65881628319e0a2148e8f81a202fbc2b8d048e35c7cb1df2416672fa4a8", size = 1930034 }
wheels = [
    { url = "https://files.pythonhosted.org/packages/22/49/b4418a7a892c0dd64442bbbeef54e1cdfe722dfc5a7bf0d611d3f5f90e99/jax-0.4.38-py3-none-any.whl", hash = "sha256:78987306f7041ea8500d99df1a17c33ed92620c2268c4c3677fb24e06712be64", size = 2236864 },
]

[[package]]
name = "jaxlib"
version = "0.4.38"
source = { registry = "https://pypi.org/simple" }
dependencies = [
    { name = "ml-dtypes" },
    { name = "numpy" },
    { name = "scipy" },
]
wheels = [
    { url = "https://files.pythonhosted.org/packages/49/df/08b94c593c0867c7eaa334592807ba74495de4be90580f360db8b96221dc/jaxlib-0.4.38-cp312-cp312-macosx_10_14_x86_64.whl", hash = "sha256:3fefea985f0415816f3bbafd3f03a437050275ef9bac9a72c1314e1644ac57c1", size = 99737849 },
    { url = "https://files.pythonhosted.org/packages/ab/b1/c9d2a7ba9ebeabb7ac37082f4c466364f475dc7550a79358c0f0aa89fdf2/jaxlib-0.4.38-cp312-cp312-macosx_11_0_arm64.whl", hash = "sha256:f33bcafe32c97a562ecf6894d7c41674c80c0acdedfa5423d49af51147149874", size = 79509242 },
    { url = "https://files.pythonhosted.org/packages/53/25/dd670d8bdf3799ece76d12cfe6a6a250ea256057aa4b0fcace4753a99d2d/jaxlib-0.4.38-cp312-cp312-manylinux2014_aarch64.whl", hash = "sha256:496f45b0e001a2341309cd0c74af0b670537dced79c168cb230cfcc773f0aa86", size = 93251503 },
    { url = "https://files.pythonhosted.org/packages/f9/cc/37fce5162f6b9070203fd76cc0f298d9b3bfdf01939a78935a6078d63621/jaxlib-0.4.38-cp312-cp312-manylinux2014_x86_64.whl", hash = "sha256:dad6c0a96567c06d083c0469fec40f201210b099365bd698be31a6d2ec88fd59", size = 101792792 },
    { url = "https://files.pythonhosted.org/packages/6f/7a/8515950a60a4ea5b13cc98fc0a42e36553b2db5a6eedc00d3bd7836f77b5/jaxlib-0.4.38-cp312-cp312-win_amd64.whl", hash = "sha256:966cdec36cfa978f5b4582bcb4147fe511725b94c1a752dac3a5f52ce46b6fa3", size = 64288223 },
    { url = "https://files.pythonhosted.org/packages/91/03/aee503c7077c6dbbd568842303426c6ec1cef9bff330c418c9e71906cccd/jaxlib-0.4.38-cp313-cp313-macosx_10_14_x86_64.whl", hash = "sha256:41e55ae5818a882e5789e848f6f16687ac132bcfbb5a5fa114a5d18b78d05f2d", size = 99739026 },
    { url = "https://files.pythonhosted.org/packages/cb/bf/fbbf61da319611d88e11c691d5a2077039208ded05e1731dea940f824a59/jaxlib-0.4.38-cp313-cp313-macosx_11_0_arm64.whl", hash = "sha256:6fe326b8af366387dd47ccf312583b2b17fed12712c9b74a648b18a13cbdbabf", size = 79508735 },
    { url = "https://files.pythonhosted.org/packages/e4/0b/8cbff0b6d62a4694351c49baf53b7ed8deb8a6854d129408c38158e11676/jaxlib-0.4.38-cp313-cp313-manylinux2014_aarch64.whl", hash = "sha256:248cca3771ebf24b070f49701364ceada33e6139445b06c782cca5ac5ad92bf4", size = 93251882 },
    { url = "https://files.pythonhosted.org/packages/15/57/7f0283273b69c417071bcd2f4c2ed076479ec5ffc22a647f13c21da8d071/jaxlib-0.4.38-cp313-cp313-manylinux2014_x86_64.whl", hash = "sha256:2ce77ba8cda9259a4bca97afc1c722e4291a6c463a63f8d372c6edc85117d625", size = 101791137 },
    { url = "https://files.pythonhosted.org/packages/de/de/d6c4d234cd426b97459cb070af90792b48643967a0d28641379ee9e10fc9/jaxlib-0.4.38-cp313-cp313-win_amd64.whl", hash = "sha256:4103db0b3a38a5dc132741237453c24d8547290a22079ba1b577d6c88c95300a", size = 64288459 },
]

[[package]]
name = "jaxtyping"
version = "0.2.36"
source = { registry = "https://pypi.org/simple" }
sdist = { url = "https://files.pythonhosted.org/packages/a6/cc/76e38d7d24e590d1a819c9b203b537e5c6416e1c1aebc8c25f598a00d474/jaxtyping-0.2.36.tar.gz", hash = "sha256:781ac44a3cf8982063d7ee48b5008ccfad7b13793bf878eb3058d5319aa08f0f", size = 45171 }
wheels = [
    { url = "https://files.pythonhosted.org/packages/94/99/c83c6a97f4382caf1c9bfeeeca935d3eb1f479f711665aeadf4408048107/jaxtyping-0.2.36-py3-none-any.whl", hash = "sha256:b19bcbd4009df8734602203402483a4066ad2eb3382904432e370588e9c9707d", size = 55823 },
]

[[package]]
name = "ml-dtypes"
version = "0.5.0"
source = { registry = "https://pypi.org/simple" }
dependencies = [
    { name = "numpy" },
]
sdist = { url = "https://files.pythonhosted.org/packages/ab/79/717c5e22ad25d63ce3acdfe8ff8d64bdedec18914256c59b838218708b16/ml_dtypes-0.5.0.tar.gz", hash = "sha256:3e7d3a380fe73a63c884f06136f8baa7a5249cc8e9fdec677997dd78549f8128", size = 699367 }
wheels = [
    { url = "https://files.pythonhosted.org/packages/1c/b7/a067839f6e435785f34b09d96938dccb3a5d9502037de243cb84a2eb3f23/ml_dtypes-0.5.0-cp312-cp312-macosx_10_9_universal2.whl", hash = "sha256:d4b1a70a3e5219790d6b55b9507606fc4e02911d1497d16c18dd721eb7efe7d0", size = 750226 },
    { url = "https://files.pythonhosted.org/packages/31/75/bf571247bb3dbea73aa33ccae57ce322b9688003cfee2f68d303ab7b987b/ml_dtypes-0.5.0-cp312-cp312-manylinux_2_17_aarch64.manylinux2014_aarch64.whl", hash = "sha256:a988bac6572630e1e9c2edd9b1277b4eefd1c86209e52b0d061b775ac33902ff", size = 4420139 },
    { url = "https://files.pythonhosted.org/packages/6f/d3/1321715a95e856d4ef4fba24e4351cf5e4c89d459ad132a8cba5fe257d72/ml_dtypes-0.5.0-cp312-cp312-manylinux_2_17_x86_64.manylinux2014_x86_64.whl", hash = "sha256:a38df8df61194aeaae1ab7579075779b4ad32cd1cffd012c28be227fa7f2a70a", size = 4471130 },
    { url = "https://files.pythonhosted.org/packages/00/3a/40c40b78a7eb456837817bfa2c5bc442db59aefdf21c5ecb94700037813d/ml_dtypes-0.5.0-cp312-cp312-win_amd64.whl", hash = "sha256:afa08343069874a30812871d639f9c02b4158ace065601406a493a8511180c02", size = 213187 },
    { url = "https://files.pythonhosted.org/packages/b3/4a/18f670a2703e771a6775fbc354208e597ff062a88efb0cecc220a282210b/ml_dtypes-0.5.0-cp313-cp313-macosx_10_13_universal2.whl", hash = "sha256:d3b3db9990c3840986a0e70524e122cfa32b91139c3653df76121ba7776e015f", size = 753345 },
    { url = "https://files.pythonhosted.org/packages/ed/c6/358d85e274e22d53def0c85f3cbe0933475fa3cf6922e9dca66eb25cb22f/ml_dtypes-0.5.0-cp313-cp313-manylinux_2_17_aarch64.manylinux2014_aarch64.whl", hash = "sha256:e04fde367b2fe901b1d47234426fe8819909bd1dd862a5adb630f27789c20599", size = 4424962 },
    { url = "https://files.pythonhosted.org/packages/4c/b4/d766586e24e7a073333c8eb8bd9275f3c6fe0569b509ae7b1699d4f00c74/ml_dtypes-0.5.0-cp313-cp313-manylinux_2_17_x86_64.manylinux2014_x86_64.whl", hash = "sha256:54415257f00eb44fbcc807454efac3356f75644f1cbfc2d4e5522a72ae1dacab", size = 4475201 },
    { url = "https://files.pythonhosted.org/packages/14/87/30323ad2e52f56262019a4493fe5f5e71067c5561ce7e2f9c75de520f5e8/ml_dtypes-0.5.0-cp313-cp313-win_amd64.whl", hash = "sha256:cb5cc7b25acabd384f75bbd78892d0c724943f3e2e1986254665a1aa10982e07", size = 213195 },
]

[[package]]
name = "numpy"
version = "2.2.1"
source = { registry = "https://pypi.org/simple" }
sdist = { url = "https://files.pythonhosted.org/packages/f2/a5/fdbf6a7871703df6160b5cf3dd774074b086d278172285c52c2758b76305/numpy-2.2.1.tar.gz", hash = "sha256:45681fd7128c8ad1c379f0ca0776a8b0c6583d2f69889ddac01559dfe4390918", size = 20227662 }
wheels = [
    { url = "https://files.pythonhosted.org/packages/62/12/b928871c570d4a87ab13d2cc19f8817f17e340d5481621930e76b80ffb7d/numpy-2.2.1-cp312-cp312-macosx_10_13_x86_64.whl", hash = "sha256:694f9e921a0c8f252980e85bce61ebbd07ed2b7d4fa72d0e4246f2f8aa6642ab", size = 20909861 },
    { url = "https://files.pythonhosted.org/packages/3d/c3/59df91ae1d8ad7c5e03efd63fd785dec62d96b0fe56d1f9ab600b55009af/numpy-2.2.1-cp312-cp312-macosx_11_0_arm64.whl", hash = "sha256:3683a8d166f2692664262fd4900f207791d005fb088d7fdb973cc8d663626faa", size = 14095776 },
    { url = "https://files.pythonhosted.org/packages/af/4e/8ed5868efc8e601fb69419644a280e9c482b75691466b73bfaab7d86922c/numpy-2.2.1-cp312-cp312-macosx_14_0_arm64.whl", hash = "sha256:780077d95eafc2ccc3ced969db22377b3864e5b9a0ea5eb347cc93b3ea900315", size = 5126239 },
    { url = "https://files.pythonhosted.org/packages/1a/74/dd0bbe650d7bc0014b051f092f2de65e34a8155aabb1287698919d124d7f/numpy-2.2.1-cp312-cp312-macosx_14_0_x86_64.whl", hash = "sha256:55ba24ebe208344aa7a00e4482f65742969a039c2acfcb910bc6fcd776eb4355", size = 6659296 },
    { url = "https://files.pythonhosted.org/packages/7f/11/4ebd7a3f4a655764dc98481f97bd0a662fb340d1001be6050606be13e162/numpy-2.2.1-cp312-cp312-manylinux_2_17_aarch64.manylinux2014_aarch64.whl", hash = "sha256:9b1d07b53b78bf84a96898c1bc139ad7f10fda7423f5fd158fd0f47ec5e01ac7", size = 14047121 },
    { url = "https://files.pythonhosted.org/packages/7f/a7/c1f1d978166eb6b98ad009503e4d93a8c1962d0eb14a885c352ee0276a54/numpy-2.2.1-cp312-cp312-manylinux_2_17_x86_64.manylinux2014_x86_64.whl", hash = "sha256:5062dc1a4e32a10dc2b8b13cedd58988261416e811c1dc4dbdea4f57eea61b0d", size = 16096599 },
    { url = "https://files.pythonhosted.org/packages/3d/6d/0e22afd5fcbb4d8d0091f3f46bf4e8906399c458d4293da23292c0ba5022/numpy-2.2.1-cp312-cp312-musllinux_1_2_aarch64.whl", hash = "sha256:fce4f615f8ca31b2e61aa0eb5865a21e14f5629515c9151850aa936c02a1ee51", size = 15243932 },
    { url = "https://files.pythonhosted.org/packages/03/39/e4e5832820131ba424092b9610d996b37e5557180f8e2d6aebb05c31ae54/numpy-2.2.1-cp312-cp312-musllinux_1_2_x86_64.whl", hash = "sha256:67d4cda6fa6ffa073b08c8372aa5fa767ceb10c9a0587c707505a6d426f4e046", size = 17861032 },
    { url = "https://files.pythonhosted.org/packages/5f/8a/3794313acbf5e70df2d5c7d2aba8718676f8d054a05abe59e48417fb2981/numpy-2.2.1-cp312-cp312-win32.whl", hash = "sha256:32cb94448be47c500d2c7a95f93e2f21a01f1fd05dd2beea1ccd049bb6001cd2", size = 6274018 },
    { url = "https://files.pythonhosted.org/packages/17/c1/c31d3637f2641e25c7a19adf2ae822fdaf4ddd198b05d79a92a9ce7cb63e/numpy-2.2.1-cp312-cp312-win_amd64.whl", hash = "sha256:ba5511d8f31c033a5fcbda22dd5c813630af98c70b2661f2d2c654ae3cdfcfc8", size = 12613843 },
    { url = "https://files.pythonhosted.org/packages/20/d6/91a26e671c396e0c10e327b763485ee295f5a5a7a48c553f18417e5a0ed5/numpy-2.2.1-cp313-cp313-macosx_10_13_x86_64.whl", hash = "sha256:f1d09e520217618e76396377c81fba6f290d5f926f50c35f3a5f72b01a0da780", size = 20896464 },
    { url = "https://files.pythonhosted.org/packages/8c/40/5792ccccd91d45e87d9e00033abc4f6ca8a828467b193f711139ff1f1cd9/numpy-2.2.1-cp313-cp313-macosx_11_0_arm64.whl", hash = "sha256:3ecc47cd7f6ea0336042be87d9e7da378e5c7e9b3c8ad0f7c966f714fc10d821", size = 14111350 },
    { url = "https://files.pythonhosted.org/packages/c0/2a/fb0a27f846cb857cef0c4c92bef89f133a3a1abb4e16bba1c4dace2e9b49/numpy-2.2.1-cp313-cp313-macosx_14_0_arm64.whl", hash = "sha256:f419290bc8968a46c4933158c91a0012b7a99bb2e465d5ef5293879742f8797e", size = 5111629 },
    { url = "https://files.pythonhosted.org/packages/eb/e5/8e81bb9d84db88b047baf4e8b681a3e48d6390bc4d4e4453eca428ecbb49/numpy-2.2.1-cp313-cp313-macosx_14_0_x86_64.whl", hash = "sha256:5b6c390bfaef8c45a260554888966618328d30e72173697e5cabe6b285fb2348", size = 6645865 },
    { url = "https://files.pythonhosted.org/packages/7a/1a/a90ceb191dd2f9e2897c69dde93ccc2d57dd21ce2acbd7b0333e8eea4e8d/numpy-2.2.1-cp313-cp313-manylinux_2_17_aarch64.manylinux2014_aarch64.whl", hash = "sha256:526fc406ab991a340744aad7e25251dd47a6720a685fa3331e5c59fef5282a59", size = 14043508 },
    { url = "https://files.pythonhosted.org/packages/f1/5a/e572284c86a59dec0871a49cd4e5351e20b9c751399d5f1d79628c0542cb/numpy-2.2.1-cp313-cp313-manylinux_2_17_x86_64.manylinux2014_x86_64.whl", hash = "sha256:f74e6fdeb9a265624ec3a3918430205dff1df7e95a230779746a6af78bc615af", size = 16094100 },
    { url = "https://files.pythonhosted.org/packages/0c/2c/a79d24f364788386d85899dd280a94f30b0950be4b4a545f4fa4ed1d4ca7/numpy-2.2.1-cp313-cp313-musllinux_1_2_aarch64.whl", hash = "sha256:53c09385ff0b72ba79d8715683c1168c12e0b6e84fb0372e97553d1ea91efe51", size = 15239691 },
    { url = "https://files.pythonhosted.org/packages/cf/79/1e20fd1c9ce5a932111f964b544facc5bb9bde7865f5b42f00b4a6a9192b/numpy-2.2.1-cp313-cp313-musllinux_1_2_x86_64.whl", hash = "sha256:f3eac17d9ec51be534685ba877b6ab5edc3ab7ec95c8f163e5d7b39859524716", size = 17856571 },
    { url = "https://files.pythonhosted.org/packages/be/5b/cc155e107f75d694f562bdc84a26cc930569f3dfdfbccb3420b626065777/numpy-2.2.1-cp313-cp313-win32.whl", hash = "sha256:9ad014faa93dbb52c80d8f4d3dcf855865c876c9660cb9bd7553843dd03a4b1e", size = 6270841 },
    { url = "https://files.pythonhosted.org/packages/44/be/0e5cd009d2162e4138d79a5afb3b5d2341f0fe4777ab6e675aa3d4a42e21/numpy-2.2.1-cp313-cp313-win_amd64.whl", hash = "sha256:164a829b6aacf79ca47ba4814b130c4020b202522a93d7bff2202bfb33b61c60", size = 12606618 },
    { url = "https://files.pythonhosted.org/packages/a8/87/04ddf02dd86fb17c7485a5f87b605c4437966d53de1e3745d450343a6f56/numpy-2.2.1-cp313-cp313t-macosx_10_13_x86_64.whl", hash = "sha256:4dfda918a13cc4f81e9118dea249e192ab167a0bb1966272d5503e39234d694e", size = 20921004 },
    { url = "https://files.pythonhosted.org/packages/6e/3e/d0e9e32ab14005425d180ef950badf31b862f3839c5b927796648b11f88a/numpy-2.2.1-cp313-cp313t-macosx_11_0_arm64.whl", hash = "sha256:733585f9f4b62e9b3528dd1070ec4f52b8acf64215b60a845fa13ebd73cd0712", size = 14119910 },
    { url = "https://files.pythonhosted.org/packages/b5/5b/aa2d1905b04a8fb681e08742bb79a7bddfc160c7ce8e1ff6d5c821be0236/numpy-2.2.1-cp313-cp313t-macosx_14_0_arm64.whl", hash = "sha256:89b16a18e7bba224ce5114db863e7029803c179979e1af6ad6a6b11f70545008", size = 5153612 },
    { url = "https://files.pythonhosted.org/packages/ce/35/6831808028df0648d9b43c5df7e1051129aa0d562525bacb70019c5f5030/numpy-2.2.1-cp313-cp313t-macosx_14_0_x86_64.whl", hash = "sha256:676f4eebf6b2d430300f1f4f4c2461685f8269f94c89698d832cdf9277f30b84", size = 6668401 },
    { url = "https://files.pythonhosted.org/packages/b1/38/10ef509ad63a5946cc042f98d838daebfe7eaf45b9daaf13df2086b15ff9/numpy-2.2.1-cp313-cp313t-manylinux_2_17_aarch64.manylinux2014_aarch64.whl", hash = "sha256:27f5cdf9f493b35f7e41e8368e7d7b4bbafaf9660cba53fb21d2cd174ec09631", size = 14014198 },
    { url = "https://files.pythonhosted.org/packages/df/f8/c80968ae01df23e249ee0a4487fae55a4c0fe2f838dfe9cc907aa8aea0fa/numpy-2.2.1-cp313-cp313t-manylinux_2_17_x86_64.manylinux2014_x86_64.whl", hash = "sha256:c1ad395cf254c4fbb5b2132fee391f361a6e8c1adbd28f2cd8e79308a615fe9d", size = 16076211 },
    { url = "https://files.pythonhosted.org/packages/09/69/05c169376016a0b614b432967ac46ff14269eaffab80040ec03ae1ae8e2c/numpy-2.2.1-cp313-cp313t-musllinux_1_2_aarch64.whl", hash = "sha256:08ef779aed40dbc52729d6ffe7dd51df85796a702afbf68a4f4e41fafdc8bda5", size = 15220266 },
    { url = "https://files.pythonhosted.org/packages/f1/ff/94a4ce67ea909f41cf7ea712aebbe832dc67decad22944a1020bb398a5ee/numpy-2.2.1-cp313-cp313t-musllinux_1_2_x86_64.whl", hash = "sha256:26c9c4382b19fcfbbed3238a14abf7ff223890ea1936b8890f058e7ba35e8d71", size = 17852844 },
    { url = "https://files.pythonhosted.org/packages/46/72/8a5dbce4020dfc595592333ef2fbb0a187d084ca243b67766d29d03e0096/numpy-2.2.1-cp313-cp313t-win32.whl", hash = "sha256:93cf4e045bae74c90ca833cba583c14b62cb4ba2cba0abd2b141ab52548247e2", size = 6326007 },
    { url = "https://files.pythonhosted.org/packages/7b/9c/4fce9cf39dde2562584e4cfd351a0140240f82c0e3569ce25a250f47037d/numpy-2.2.1-cp313-cp313t-win_amd64.whl", hash = "sha256:bff7d8ec20f5f42607599f9994770fa65d76edca264a87b5e4ea5629bce12268", size = 12693107 },
]

[[package]]
name = "opt-einsum"
version = "3.4.0"
source = { registry = "https://pypi.org/simple" }
sdist = { url = "https://files.pythonhosted.org/packages/8c/b9/2ac072041e899a52f20cf9510850ff58295003aa75525e58343591b0cbfb/opt_einsum-3.4.0.tar.gz", hash = "sha256:96ca72f1b886d148241348783498194c577fa30a8faac108586b14f1ba4473ac", size = 63004 }
wheels = [
    { url = "https://files.pythonhosted.org/packages/23/cd/066e86230ae37ed0be70aae89aabf03ca8d9f39c8aea0dec8029455b5540/opt_einsum-3.4.0-py3-none-any.whl", hash = "sha256:69bb92469f86a1565195ece4ac0323943e83477171b91d24c35afe028a90d7cd", size = 71932 },
]

[[package]]
name = "scipy"
version = "1.14.1"
source = { registry = "https://pypi.org/simple" }
dependencies = [
    { name = "numpy" },
]
sdist = { url = "https://files.pythonhosted.org/packages/62/11/4d44a1f274e002784e4dbdb81e0ea96d2de2d1045b2132d5af62cc31fd28/scipy-1.14.1.tar.gz", hash = "sha256:5a275584e726026a5699459aa72f828a610821006228e841b94275c4a7c08417", size = 58620554 }
wheels = [
    { url = "https://files.pythonhosted.org/packages/c0/04/2bdacc8ac6387b15db6faa40295f8bd25eccf33f1f13e68a72dc3c60a99e/scipy-1.14.1-cp312-cp312-macosx_10_13_x86_64.whl", hash = "sha256:631f07b3734d34aced009aaf6fedfd0eb3498a97e581c3b1e5f14a04164a456d", size = 39128781 },
    { url = "https://files.pythonhosted.org/packages/c8/53/35b4d41f5fd42f5781dbd0dd6c05d35ba8aa75c84ecddc7d44756cd8da2e/scipy-1.14.1-cp312-cp312-macosx_12_0_arm64.whl", hash = "sha256:af29a935803cc707ab2ed7791c44288a682f9c8107bc00f0eccc4f92c08d6e07", size = 29939542 },
    { url = "https://files.pythonhosted.org/packages/66/67/6ef192e0e4d77b20cc33a01e743b00bc9e68fb83b88e06e636d2619a8767/scipy-1.14.1-cp312-cp312-macosx_14_0_arm64.whl", hash = "sha256:2843f2d527d9eebec9a43e6b406fb7266f3af25a751aa91d62ff416f54170bc5", size = 23148375 },
    { url = "https://files.pythonhosted.org/packages/f6/32/3a6dedd51d68eb7b8e7dc7947d5d841bcb699f1bf4463639554986f4d782/scipy-1.14.1-cp312-cp312-macosx_14_0_x86_64.whl", hash = "sha256:eb58ca0abd96911932f688528977858681a59d61a7ce908ffd355957f7025cfc", size = 25578573 },
    { url = "https://files.pythonhosted.org/packages/f0/5a/efa92a58dc3a2898705f1dc9dbaf390ca7d4fba26d6ab8cfffb0c72f656f/scipy-1.14.1-cp312-cp312-manylinux_2_17_aarch64.manylinux2014_aarch64.whl", hash = "sha256:30ac8812c1d2aab7131a79ba62933a2a76f582d5dbbc695192453dae67ad6310", size = 35319299 },
    { url = "https://files.pythonhosted.org/packages/8e/ee/8a26858ca517e9c64f84b4c7734b89bda8e63bec85c3d2f432d225bb1886/scipy-1.14.1-cp312-cp312-manylinux_2_17_x86_64.manylinux2014_x86_64.whl", hash = "sha256:8f9ea80f2e65bdaa0b7627fb00cbeb2daf163caa015e59b7516395fe3bd1e066", size = 40849331 },
    { url = "https://files.pythonhosted.org/packages/a5/cd/06f72bc9187840f1c99e1a8750aad4216fc7dfdd7df46e6280add14b4822/scipy-1.14.1-cp312-cp312-musllinux_1_2_x86_64.whl", hash = "sha256:edaf02b82cd7639db00dbff629995ef185c8df4c3ffa71a5562a595765a06ce1", size = 42544049 },
    { url = "https://files.pythonhosted.org/packages/aa/7d/43ab67228ef98c6b5dd42ab386eae2d7877036970a0d7e3dd3eb47a0d530/scipy-1.14.1-cp312-cp312-win_amd64.whl", hash = "sha256:2ff38e22128e6c03ff73b6bb0f85f897d2362f8c052e3b8ad00532198fbdae3f", size = 44521212 },
    { url = "https://files.pythonhosted.org/packages/50/ef/ac98346db016ff18a6ad7626a35808f37074d25796fd0234c2bb0ed1e054/scipy-1.14.1-cp313-cp313-macosx_10_13_x86_64.whl", hash = "sha256:1729560c906963fc8389f6aac023739ff3983e727b1a4d87696b7bf108316a79", size = 39091068 },
    { url = "https://files.pythonhosted.org/packages/b9/cc/70948fe9f393b911b4251e96b55bbdeaa8cca41f37c26fd1df0232933b9e/scipy-1.14.1-cp313-cp313-macosx_12_0_arm64.whl", hash = "sha256:4079b90df244709e675cdc8b93bfd8a395d59af40b72e339c2287c91860deb8e", size = 29875417 },
    { url = "https://files.pythonhosted.org/packages/3b/2e/35f549b7d231c1c9f9639f9ef49b815d816bf54dd050da5da1c11517a218/scipy-1.14.1-cp313-cp313-macosx_14_0_arm64.whl", hash = "sha256:e0cf28db0f24a38b2a0ca33a85a54852586e43cf6fd876365c86e0657cfe7d73", size = 23084508 },
    { url = "https://files.pythonhosted.org/packages/3f/d6/b028e3f3e59fae61fb8c0f450db732c43dd1d836223a589a8be9f6377203/scipy-1.14.1-cp313-cp313-macosx_14_0_x86_64.whl", hash = "sha256:0c2f95de3b04e26f5f3ad5bb05e74ba7f68b837133a4492414b3afd79dfe540e", size = 25503364 },
    { url = "https://files.pythonhosted.org/packages/a7/2f/6c142b352ac15967744d62b165537a965e95d557085db4beab2a11f7943b/scipy-1.14.1-cp313-cp313-manylinux_2_17_aarch64.manylinux2014_aarch64.whl", hash = "sha256:b99722ea48b7ea25e8e015e8341ae74624f72e5f21fc2abd45f3a93266de4c5d", size = 35292639 },
    { url = "https://files.pythonhosted.org/packages/56/46/2449e6e51e0d7c3575f289f6acb7f828938eaab8874dbccfeb0cd2b71a27/scipy-1.14.1-cp313-cp313-manylinux_2_17_x86_64.manylinux2014_x86_64.whl", hash = "sha256:5149e3fd2d686e42144a093b206aef01932a0059c2a33ddfa67f5f035bdfe13e", size = 40798288 },
    { url = "https://files.pythonhosted.org/packages/32/cd/9d86f7ed7f4497c9fd3e39f8918dd93d9f647ba80d7e34e4946c0c2d1a7c/scipy-1.14.1-cp313-cp313-musllinux_1_2_x86_64.whl", hash = "sha256:e4f5a7c49323533f9103d4dacf4e4f07078f360743dec7f7596949149efeec06", size = 42524647 },
    { url = "https://files.pythonhosted.org/packages/f5/1b/6ee032251bf4cdb0cc50059374e86a9f076308c1512b61c4e003e241efb7/scipy-1.14.1-cp313-cp313-win_amd64.whl", hash = "sha256:baff393942b550823bfce952bb62270ee17504d02a1801d7fd0719534dfb9c84", size = 44469524 },
]
